// !$*UTF8*$!
{
	archiveVersion = 1;
	classes = {
	};
	objectVersion = 56;
	objects = {

/* Begin PBXBuildFile section */
		2F3119012B1DB8BB009A1F19 /* AppDelegate.swift in Sources */ = {isa = PBXBuildFile; fileRef = 2F3119002B1DB8BB009A1F19 /* AppDelegate.swift */; };
		2F3119232B1DBC29009A1F19 /* Assets.xcassets in Resources */ = {isa = PBXBuildFile; fileRef = 2F31191E2B1DBC29009A1F19 /* Assets.xcassets */; };
		2F3119242B1DBC29009A1F19 /* LaunchScreen.storyboard in Resources */ = {isa = PBXBuildFile; fileRef = 2F31191F2B1DBC29009A1F19 /* LaunchScreen.storyboard */; };
		2F3119252B1DBC29009A1F19 /* Main.storyboard in Resources */ = {isa = PBXBuildFile; fileRef = 2F3119212B1DBC29009A1F19 /* Main.storyboard */; };
		2F31192A2B1DC0A9009A1F19 /* AuthController.swift in Sources */ = {isa = PBXBuildFile; fileRef = 2F3119292B1DC0A9009A1F19 /* AuthController.swift */; };
		2F31192E2B1DC0F1009A1F19 /* VimeoClient.swift in Sources */ = {isa = PBXBuildFile; fileRef = 2F31192D2B1DC0F1009A1F19 /* VimeoClient.swift */; };
		2F3119302B1DC178009A1F19 /* AuthToken.swift in Sources */ = {isa = PBXBuildFile; fileRef = 2F31192F2B1DC178009A1F19 /* AuthToken.swift */; };
		2F3119322B1DC7D9009A1F19 /* HTTPClient.swift in Sources */ = {isa = PBXBuildFile; fileRef = 2F3119312B1DC7D9009A1F19 /* HTTPClient.swift */; };
		2F3119352B1DCB8C009A1F19 /* CategoriesApi.swift in Sources */ = {isa = PBXBuildFile; fileRef = 2F3119342B1DCB8C009A1F19 /* CategoriesApi.swift */; };
		2F31193D2B1DFF5E009A1F19 /* VideosResponse.swift in Sources */ = {isa = PBXBuildFile; fileRef = 2F31193C2B1DFF5E009A1F19 /* VideosResponse.swift */; };
		2F3119482B1E0EB5009A1F19 /* AppAssembly.swift in Sources */ = {isa = PBXBuildFile; fileRef = 2F3119472B1E0EB5009A1F19 /* AppAssembly.swift */; };
		2F3119592B1EF701009A1F19 /* VideoCollectionViewModel.swift in Sources */ = {isa = PBXBuildFile; fileRef = 2F3119542B1EF701009A1F19 /* VideoCollectionViewModel.swift */; };
		2F31195A2B1EF701009A1F19 /* VideoCollectionViewController.swift in Sources */ = {isa = PBXBuildFile; fileRef = 2F3119552B1EF701009A1F19 /* VideoCollectionViewController.swift */; };
		2F31195B2B1EF701009A1F19 /* NetworkImage.swift in Sources */ = {isa = PBXBuildFile; fileRef = 2F3119562B1EF701009A1F19 /* NetworkImage.swift */; };
		2F31195C2B1EF701009A1F19 /* VideoCollectionCell.swift in Sources */ = {isa = PBXBuildFile; fileRef = 2F3119572B1EF701009A1F19 /* VideoCollectionCell.swift */; };
		2F31195D2B1EF701009A1F19 /* VideoPreview.swift in Sources */ = {isa = PBXBuildFile; fileRef = 2F3119582B1EF701009A1F19 /* VideoPreview.swift */; };
		2F3119602B1EF737009A1F19 /* VideoPlayerViewController.swift in Sources */ = {isa = PBXBuildFile; fileRef = 2F31195F2B1EF737009A1F19 /* VideoPlayerViewController.swift */; };
		2F3119622B1EF74C009A1F19 /* VideoPlayerViewController.storyboard in Resources */ = {isa = PBXBuildFile; fileRef = 2F3119612B1EF74C009A1F19 /* VideoPlayerViewController.storyboard */; };
		2F3119642B1EF85E009A1F19 /* VideosCollection.storyboard in Resources */ = {isa = PBXBuildFile; fileRef = 2F3119632B1EF85E009A1F19 /* VideosCollection.storyboard */; };
		2F3119662B1F8591009A1F19 /* Video.swift in Sources */ = {isa = PBXBuildFile; fileRef = 2F3119652B1F8591009A1F19 /* Video.swift */; };
		2F31196A2B1F86AF009A1F19 /* VideoPlayerViewModel.swift in Sources */ = {isa = PBXBuildFile; fileRef = 2F3119692B1F86AF009A1F19 /* VideoPlayerViewModel.swift */; };
		2F31196C2B1F8924009A1F19 /* AppRouter.swift in Sources */ = {isa = PBXBuildFile; fileRef = 2F31196B2B1F8924009A1F19 /* AppRouter.swift */; };
/* End PBXBuildFile section */

/* Begin PBXFileReference section */
		2F3118FD2B1DB8BB009A1F19 /* video-browser-demo.app */ = {isa = PBXFileReference; explicitFileType = wrapper.application; includeInIndex = 0; path = "video-browser-demo.app"; sourceTree = BUILT_PRODUCTS_DIR; };
		2F3119002B1DB8BB009A1F19 /* AppDelegate.swift */ = {isa = PBXFileReference; lastKnownFileType = sourcecode.swift; path = AppDelegate.swift; sourceTree = "<group>"; };
		2F31190E2B1DB8BE009A1F19 /* Info.plist */ = {isa = PBXFileReference; lastKnownFileType = text.plist.xml; path = Info.plist; sourceTree = "<group>"; };
		2F31191E2B1DBC29009A1F19 /* Assets.xcassets */ = {isa = PBXFileReference; lastKnownFileType = folder.assetcatalog; path = Assets.xcassets; sourceTree = "<group>"; };
		2F3119202B1DBC29009A1F19 /* Base */ = {isa = PBXFileReference; lastKnownFileType = file.storyboard; name = Base; path = Base.lproj/LaunchScreen.storyboard; sourceTree = "<group>"; };
		2F3119222B1DBC29009A1F19 /* Base */ = {isa = PBXFileReference; lastKnownFileType = file.storyboard; name = Base; path = Base.lproj/Main.storyboard; sourceTree = "<group>"; };
		2F3119292B1DC0A9009A1F19 /* AuthController.swift */ = {isa = PBXFileReference; fileEncoding = 4; lastKnownFileType = sourcecode.swift; path = AuthController.swift; sourceTree = "<group>"; };
		2F31192D2B1DC0F1009A1F19 /* VimeoClient.swift */ = {isa = PBXFileReference; lastKnownFileType = sourcecode.swift; path = VimeoClient.swift; sourceTree = "<group>"; };
		2F31192F2B1DC178009A1F19 /* AuthToken.swift */ = {isa = PBXFileReference; fileEncoding = 4; lastKnownFileType = sourcecode.swift; path = AuthToken.swift; sourceTree = "<group>"; };
		2F3119312B1DC7D9009A1F19 /* HTTPClient.swift */ = {isa = PBXFileReference; lastKnownFileType = sourcecode.swift; path = HTTPClient.swift; sourceTree = "<group>"; };
		2F3119342B1DCB8C009A1F19 /* CategoriesApi.swift */ = {isa = PBXFileReference; lastKnownFileType = sourcecode.swift; path = CategoriesApi.swift; sourceTree = "<group>"; };
		2F31193C2B1DFF5E009A1F19 /* VideosResponse.swift */ = {isa = PBXFileReference; fileEncoding = 4; lastKnownFileType = sourcecode.swift; path = VideosResponse.swift; sourceTree = "<group>"; };
		2F3119472B1E0EB5009A1F19 /* AppAssembly.swift */ = {isa = PBXFileReference; lastKnownFileType = sourcecode.swift; path = AppAssembly.swift; sourceTree = "<group>"; };
		2F3119542B1EF701009A1F19 /* VideoCollectionViewModel.swift */ = {isa = PBXFileReference; fileEncoding = 4; lastKnownFileType = sourcecode.swift; path = VideoCollectionViewModel.swift; sourceTree = "<group>"; };
		2F3119552B1EF701009A1F19 /* VideoCollectionViewController.swift */ = {isa = PBXFileReference; fileEncoding = 4; lastKnownFileType = sourcecode.swift; path = VideoCollectionViewController.swift; sourceTree = "<group>"; };
		2F3119562B1EF701009A1F19 /* NetworkImage.swift */ = {isa = PBXFileReference; fileEncoding = 4; lastKnownFileType = sourcecode.swift; path = NetworkImage.swift; sourceTree = "<group>"; };
		2F3119572B1EF701009A1F19 /* VideoCollectionCell.swift */ = {isa = PBXFileReference; fileEncoding = 4; lastKnownFileType = sourcecode.swift; path = VideoCollectionCell.swift; sourceTree = "<group>"; };
		2F3119582B1EF701009A1F19 /* VideoPreview.swift */ = {isa = PBXFileReference; fileEncoding = 4; lastKnownFileType = sourcecode.swift; path = VideoPreview.swift; sourceTree = "<group>"; };
		2F31195F2B1EF737009A1F19 /* VideoPlayerViewController.swift */ = {isa = PBXFileReference; lastKnownFileType = sourcecode.swift; path = VideoPlayerViewController.swift; sourceTree = "<group>"; };
		2F3119612B1EF74C009A1F19 /* VideoPlayerViewController.storyboard */ = {isa = PBXFileReference; lastKnownFileType = file.storyboard; path = VideoPlayerViewController.storyboard; sourceTree = "<group>"; };
		2F3119632B1EF85E009A1F19 /* VideosCollection.storyboard */ = {isa = PBXFileReference; fileEncoding = 4; lastKnownFileType = file.storyboard; name = VideosCollection.storyboard; path = "video-browser-demo/Resources/VideosCollection.storyboard"; sourceTree = SOURCE_ROOT; };
		2F3119652B1F8591009A1F19 /* Video.swift */ = {isa = PBXFileReference; lastKnownFileType = sourcecode.swift; path = Video.swift; sourceTree = "<group>"; };
		2F3119692B1F86AF009A1F19 /* VideoPlayerViewModel.swift */ = {isa = PBXFileReference; lastKnownFileType = sourcecode.swift; path = VideoPlayerViewModel.swift; sourceTree = "<group>"; };
		2F31196B2B1F8924009A1F19 /* AppRouter.swift */ = {isa = PBXFileReference; lastKnownFileType = sourcecode.swift; path = AppRouter.swift; sourceTree = "<group>"; };
/* End PBXFileReference section */

/* Begin PBXFrameworksBuildPhase section */
		2F3118FA2B1DB8BB009A1F19 /* Frameworks */ = {
			isa = PBXFrameworksBuildPhase;
			buildActionMask = 2147483647;
			files = (
			);
			runOnlyForDeploymentPostprocessing = 0;
		};
/* End PBXFrameworksBuildPhase section */

/* Begin PBXGroup section */
		2F3118F42B1DB8BB009A1F19 = {
			isa = PBXGroup;
			children = (
				2F3118FF2B1DB8BB009A1F19 /* video-browser-demo */,
				2F3118FE2B1DB8BB009A1F19 /* Products */,
			);
			sourceTree = "<group>";
		};
		2F3118FE2B1DB8BB009A1F19 /* Products */ = {
			isa = PBXGroup;
			children = (
				2F3118FD2B1DB8BB009A1F19 /* video-browser-demo.app */,
			);
			name = Products;
			sourceTree = "<group>";
		};
		2F3118FF2B1DB8BB009A1F19 /* video-browser-demo */ = {
			isa = PBXGroup;
			children = (
				2F3119002B1DB8BB009A1F19 /* AppDelegate.swift */,
				2F31196B2B1F8924009A1F19 /* AppRouter.swift */,
				2F3119472B1E0EB5009A1F19 /* AppAssembly.swift */,
				2F3119402B1E06B5009A1F19 /* Screens */,
				2F3119172B1DB965009A1F19 /* Networking */,
				2F31191D2B1DBC29009A1F19 /* Resources */,
				2F31190E2B1DB8BE009A1F19 /* Info.plist */,
			);
			path = "video-browser-demo";
			sourceTree = "<group>";
		};
		2F3119172B1DB965009A1F19 /* Networking */ = {
			isa = PBXGroup;
			children = (
				2F3119332B1DCB83009A1F19 /* Categories Api */,
				2F3119282B1DC0A9009A1F19 /* Auth */,
				2F3119312B1DC7D9009A1F19 /* HTTPClient.swift */,
			);
			path = Networking;
			sourceTree = "<group>";
		};
		2F31191D2B1DBC29009A1F19 /* Resources */ = {
			isa = PBXGroup;
			children = (
				2F31191E2B1DBC29009A1F19 /* Assets.xcassets */,
				2F31191F2B1DBC29009A1F19 /* LaunchScreen.storyboard */,
				2F3119212B1DBC29009A1F19 /* Main.storyboard */,
			);
			path = Resources;
			sourceTree = "<group>";
		};
		2F3119282B1DC0A9009A1F19 /* Auth */ = {
			isa = PBXGroup;
			children = (
				2F3119292B1DC0A9009A1F19 /* AuthController.swift */,
				2F31192F2B1DC178009A1F19 /* AuthToken.swift */,
				2F31192D2B1DC0F1009A1F19 /* VimeoClient.swift */,
			);
			path = Auth;
			sourceTree = "<group>";
		};
		2F3119332B1DCB83009A1F19 /* Categories Api */ = {
			isa = PBXGroup;
			children = (
				2F3119342B1DCB8C009A1F19 /* CategoriesApi.swift */,
				2F3119372B1DF8AF009A1F19 /* Models */,
			);
			path = "Categories Api";
			sourceTree = "<group>";
		};
		2F3119372B1DF8AF009A1F19 /* Models */ = {
			isa = PBXGroup;
			children = (
				2F31193C2B1DFF5E009A1F19 /* VideosResponse.swift */,
				2F3119652B1F8591009A1F19 /* Video.swift */,
			);
			name = Models;
			path = ../../Models;
			sourceTree = "<group>";
		};
		2F3119402B1E06B5009A1F19 /* Screens */ = {
			isa = PBXGroup;
			children = (
				2F3119532B1EF701009A1F19 /* VideoCollection */,
				2F31195E2B1EF714009A1F19 /* VideoPlayer */,
			);
			path = Screens;
			sourceTree = "<group>";
		};
		2F3119532B1EF701009A1F19 /* VideoCollection */ = {
			isa = PBXGroup;
			children = (
				2F3119542B1EF701009A1F19 /* VideoCollectionViewModel.swift */,
				2F3119552B1EF701009A1F19 /* VideoCollectionViewController.swift */,
				2F3119632B1EF85E009A1F19 /* VideosCollection.storyboard */,
				2F3119582B1EF701009A1F19 /* VideoPreview.swift */,
				2F3119572B1EF701009A1F19 /* VideoCollectionCell.swift */,
				2F3119562B1EF701009A1F19 /* NetworkImage.swift */,
			);
			path = VideoCollection;
			sourceTree = "<group>";
		};
		2F31195E2B1EF714009A1F19 /* VideoPlayer */ = {
			isa = PBXGroup;
			children = (
				2F3119692B1F86AF009A1F19 /* VideoPlayerViewModel.swift */,
				2F31195F2B1EF737009A1F19 /* VideoPlayerViewController.swift */,
				2F3119612B1EF74C009A1F19 /* VideoPlayerViewController.storyboard */,
			);
			path = VideoPlayer;
			sourceTree = "<group>";
		};
/* End PBXGroup section */

/* Begin PBXNativeTarget section */
		2F3118FC2B1DB8BB009A1F19 /* video-browser-demo */ = {
			isa = PBXNativeTarget;
			buildConfigurationList = 2F3119112B1DB8BE009A1F19 /* Build configuration list for PBXNativeTarget "video-browser-demo" */;
			buildPhases = (
				2F3118F92B1DB8BB009A1F19 /* Sources */,
				2F3118FA2B1DB8BB009A1F19 /* Frameworks */,
				2F3118FB2B1DB8BB009A1F19 /* Resources */,
			);
			buildRules = (
			);
			dependencies = (
			);
			name = "video-browser-demo";
			productName = "video-browser-demo";
			productReference = 2F3118FD2B1DB8BB009A1F19 /* video-browser-demo.app */;
			productType = "com.apple.product-type.application";
		};
/* End PBXNativeTarget section */

/* Begin PBXProject section */
		2F3118F52B1DB8BB009A1F19 /* Project object */ = {
			isa = PBXProject;
			attributes = {
				BuildIndependentTargetsInParallel = 1;
				LastSwiftUpdateCheck = 1500;
				LastUpgradeCheck = 1500;
				TargetAttributes = {
					2F3118FC2B1DB8BB009A1F19 = {
						CreatedOnToolsVersion = 15.0.1;
					};
				};
			};
			buildConfigurationList = 2F3118F82B1DB8BB009A1F19 /* Build configuration list for PBXProject "video-browser-demo" */;
			compatibilityVersion = "Xcode 14.0";
			developmentRegion = en;
			hasScannedForEncodings = 0;
			knownRegions = (
				en,
				Base,
			);
			mainGroup = 2F3118F42B1DB8BB009A1F19;
			productRefGroup = 2F3118FE2B1DB8BB009A1F19 /* Products */;
			projectDirPath = "";
			projectRoot = "";
			targets = (
				2F3118FC2B1DB8BB009A1F19 /* video-browser-demo */,
			);
		};
/* End PBXProject section */

/* Begin PBXResourcesBuildPhase section */
		2F3118FB2B1DB8BB009A1F19 /* Resources */ = {
			isa = PBXResourcesBuildPhase;
			buildActionMask = 2147483647;
			files = (
				2F3119252B1DBC29009A1F19 /* Main.storyboard in Resources */,
				2F3119232B1DBC29009A1F19 /* Assets.xcassets in Resources */,
				2F3119622B1EF74C009A1F19 /* VideoPlayerViewController.storyboard in Resources */,
				2F3119242B1DBC29009A1F19 /* LaunchScreen.storyboard in Resources */,
				2F3119642B1EF85E009A1F19 /* VideosCollection.storyboard in Resources */,
			);
			runOnlyForDeploymentPostprocessing = 0;
		};
/* End PBXResourcesBuildPhase section */

/* Begin PBXSourcesBuildPhase section */
		2F3118F92B1DB8BB009A1F19 /* Sources */ = {
			isa = PBXSourcesBuildPhase;
			buildActionMask = 2147483647;
			files = (
				2F31193D2B1DFF5E009A1F19 /* VideosResponse.swift in Sources */,
				2F31195C2B1EF701009A1F19 /* VideoCollectionCell.swift in Sources */,
				2F31192A2B1DC0A9009A1F19 /* AuthController.swift in Sources */,
				2F3119012B1DB8BB009A1F19 /* AppDelegate.swift in Sources */,
				2F3119322B1DC7D9009A1F19 /* HTTPClient.swift in Sources */,
				2F31195A2B1EF701009A1F19 /* VideoCollectionViewController.swift in Sources */,
				2F3119592B1EF701009A1F19 /* VideoCollectionViewModel.swift in Sources */,
				2F31192E2B1DC0F1009A1F19 /* VimeoClient.swift in Sources */,
				2F3119482B1E0EB5009A1F19 /* AppAssembly.swift in Sources */,
				2F3119352B1DCB8C009A1F19 /* CategoriesApi.swift in Sources */,
				2F31195B2B1EF701009A1F19 /* NetworkImage.swift in Sources */,
				2F3119602B1EF737009A1F19 /* VideoPlayerViewController.swift in Sources */,
				2F3119662B1F8591009A1F19 /* Video.swift in Sources */,
				2F31196C2B1F8924009A1F19 /* AppRouter.swift in Sources */,
				2F31196A2B1F86AF009A1F19 /* VideoPlayerViewModel.swift in Sources */,
				2F31195D2B1EF701009A1F19 /* VideoPreview.swift in Sources */,
				2F3119302B1DC178009A1F19 /* AuthToken.swift in Sources */,
			);
			runOnlyForDeploymentPostprocessing = 0;
		};
/* End PBXSourcesBuildPhase section */

/* Begin PBXVariantGroup section */
		2F31191F2B1DBC29009A1F19 /* LaunchScreen.storyboard */ = {
			isa = PBXVariantGroup;
			children = (
				2F3119202B1DBC29009A1F19 /* Base */,
			);
			name = LaunchScreen.storyboard;
			sourceTree = "<group>";
		};
		2F3119212B1DBC29009A1F19 /* Main.storyboard */ = {
			isa = PBXVariantGroup;
			children = (
				2F3119222B1DBC29009A1F19 /* Base */,
			);
			name = Main.storyboard;
			sourceTree = "<group>";
		};
/* End PBXVariantGroup section */

/* Begin XCBuildConfiguration section */
		2F31190F2B1DB8BE009A1F19 /* Debug */ = {
			isa = XCBuildConfiguration;
			buildSettings = {
				ALWAYS_SEARCH_USER_PATHS = NO;
				ASSETCATALOG_COMPILER_GENERATE_SWIFT_ASSET_SYMBOL_EXTENSIONS = YES;
				CLANG_ANALYZER_NONNULL = YES;
				CLANG_ANALYZER_NUMBER_OBJECT_CONVERSION = YES_AGGRESSIVE;
				CLANG_CXX_LANGUAGE_STANDARD = "gnu++20";
				CLANG_ENABLE_MODULES = YES;
				CLANG_ENABLE_OBJC_ARC = YES;
				CLANG_ENABLE_OBJC_WEAK = YES;
				CLANG_WARN_BLOCK_CAPTURE_AUTORELEASING = YES;
				CLANG_WARN_BOOL_CONVERSION = YES;
				CLANG_WARN_COMMA = YES;
				CLANG_WARN_CONSTANT_CONVERSION = YES;
				CLANG_WARN_DEPRECATED_OBJC_IMPLEMENTATIONS = YES;
				CLANG_WARN_DIRECT_OBJC_ISA_USAGE = YES_ERROR;
				CLANG_WARN_DOCUMENTATION_COMMENTS = YES;
				CLANG_WARN_EMPTY_BODY = YES;
				CLANG_WARN_ENUM_CONVERSION = YES;
				CLANG_WARN_INFINITE_RECURSION = YES;
				CLANG_WARN_INT_CONVERSION = YES;
				CLANG_WARN_NON_LITERAL_NULL_CONVERSION = YES;
				CLANG_WARN_OBJC_IMPLICIT_RETAIN_SELF = YES;
				CLANG_WARN_OBJC_LITERAL_CONVERSION = YES;
				CLANG_WARN_OBJC_ROOT_CLASS = YES_ERROR;
				CLANG_WARN_QUOTED_INCLUDE_IN_FRAMEWORK_HEADER = YES;
				CLANG_WARN_RANGE_LOOP_ANALYSIS = YES;
				CLANG_WARN_STRICT_PROTOTYPES = YES;
				CLANG_WARN_SUSPICIOUS_MOVE = YES;
				CLANG_WARN_UNGUARDED_AVAILABILITY = YES_AGGRESSIVE;
				CLANG_WARN_UNREACHABLE_CODE = YES;
				CLANG_WARN__DUPLICATE_METHOD_MATCH = YES;
				COPY_PHASE_STRIP = NO;
				DEBUG_INFORMATION_FORMAT = dwarf;
				ENABLE_STRICT_OBJC_MSGSEND = YES;
				ENABLE_TESTABILITY = YES;
				ENABLE_USER_SCRIPT_SANDBOXING = YES;
				GCC_C_LANGUAGE_STANDARD = gnu17;
				GCC_DYNAMIC_NO_PIC = NO;
				GCC_NO_COMMON_BLOCKS = YES;
				GCC_OPTIMIZATION_LEVEL = 0;
				GCC_PREPROCESSOR_DEFINITIONS = (
					"DEBUG=1",
					"$(inherited)",
				);
				GCC_WARN_64_TO_32_BIT_CONVERSION = YES;
				GCC_WARN_ABOUT_RETURN_TYPE = YES_ERROR;
				GCC_WARN_UNDECLARED_SELECTOR = YES;
				GCC_WARN_UNINITIALIZED_AUTOS = YES_AGGRESSIVE;
				GCC_WARN_UNUSED_FUNCTION = YES;
				GCC_WARN_UNUSED_VARIABLE = YES;
				IPHONEOS_DEPLOYMENT_TARGET = 17.0;
				LOCALIZATION_PREFERS_STRING_CATALOGS = YES;
				MTL_ENABLE_DEBUG_INFO = INCLUDE_SOURCE;
				MTL_FAST_MATH = YES;
				ONLY_ACTIVE_ARCH = YES;
				SDKROOT = iphoneos;
				SWIFT_ACTIVE_COMPILATION_CONDITIONS = "DEBUG $(inherited)";
				SWIFT_OPTIMIZATION_LEVEL = "-Onone";
			};
			name = Debug;
		};
		2F3119102B1DB8BE009A1F19 /* Release */ = {
			isa = XCBuildConfiguration;
			buildSettings = {
				ALWAYS_SEARCH_USER_PATHS = NO;
				ASSETCATALOG_COMPILER_GENERATE_SWIFT_ASSET_SYMBOL_EXTENSIONS = YES;
				CLANG_ANALYZER_NONNULL = YES;
				CLANG_ANALYZER_NUMBER_OBJECT_CONVERSION = YES_AGGRESSIVE;
				CLANG_CXX_LANGUAGE_STANDARD = "gnu++20";
				CLANG_ENABLE_MODULES = YES;
				CLANG_ENABLE_OBJC_ARC = YES;
				CLANG_ENABLE_OBJC_WEAK = YES;
				CLANG_WARN_BLOCK_CAPTURE_AUTORELEASING = YES;
				CLANG_WARN_BOOL_CONVERSION = YES;
				CLANG_WARN_COMMA = YES;
				CLANG_WARN_CONSTANT_CONVERSION = YES;
				CLANG_WARN_DEPRECATED_OBJC_IMPLEMENTATIONS = YES;
				CLANG_WARN_DIRECT_OBJC_ISA_USAGE = YES_ERROR;
				CLANG_WARN_DOCUMENTATION_COMMENTS = YES;
				CLANG_WARN_EMPTY_BODY = YES;
				CLANG_WARN_ENUM_CONVERSION = YES;
				CLANG_WARN_INFINITE_RECURSION = YES;
				CLANG_WARN_INT_CONVERSION = YES;
				CLANG_WARN_NON_LITERAL_NULL_CONVERSION = YES;
				CLANG_WARN_OBJC_IMPLICIT_RETAIN_SELF = YES;
				CLANG_WARN_OBJC_LITERAL_CONVERSION = YES;
				CLANG_WARN_OBJC_ROOT_CLASS = YES_ERROR;
				CLANG_WARN_QUOTED_INCLUDE_IN_FRAMEWORK_HEADER = YES;
				CLANG_WARN_RANGE_LOOP_ANALYSIS = YES;
				CLANG_WARN_STRICT_PROTOTYPES = YES;
				CLANG_WARN_SUSPICIOUS_MOVE = YES;
				CLANG_WARN_UNGUARDED_AVAILABILITY = YES_AGGRESSIVE;
				CLANG_WARN_UNREACHABLE_CODE = YES;
				CLANG_WARN__DUPLICATE_METHOD_MATCH = YES;
				COPY_PHASE_STRIP = NO;
				DEBUG_INFORMATION_FORMAT = "dwarf-with-dsym";
				ENABLE_NS_ASSERTIONS = NO;
				ENABLE_STRICT_OBJC_MSGSEND = YES;
				ENABLE_USER_SCRIPT_SANDBOXING = YES;
				GCC_C_LANGUAGE_STANDARD = gnu17;
				GCC_NO_COMMON_BLOCKS = YES;
				GCC_WARN_64_TO_32_BIT_CONVERSION = YES;
				GCC_WARN_ABOUT_RETURN_TYPE = YES_ERROR;
				GCC_WARN_UNDECLARED_SELECTOR = YES;
				GCC_WARN_UNINITIALIZED_AUTOS = YES_AGGRESSIVE;
				GCC_WARN_UNUSED_FUNCTION = YES;
				GCC_WARN_UNUSED_VARIABLE = YES;
				IPHONEOS_DEPLOYMENT_TARGET = 17.0;
				LOCALIZATION_PREFERS_STRING_CATALOGS = YES;
				MTL_ENABLE_DEBUG_INFO = NO;
				MTL_FAST_MATH = YES;
				SDKROOT = iphoneos;
				SWIFT_COMPILATION_MODE = wholemodule;
				VALIDATE_PRODUCT = YES;
			};
			name = Release;
		};
		2F3119122B1DB8BE009A1F19 /* Debug */ = {
			isa = XCBuildConfiguration;
			buildSettings = {
				ASSETCATALOG_COMPILER_APPICON_NAME = AppIcon;
				ASSETCATALOG_COMPILER_GLOBAL_ACCENT_COLOR_NAME = AccentColor;
				CODE_SIGN_STYLE = Automatic;
				CURRENT_PROJECT_VERSION = 1;
				DEVELOPMENT_TEAM = MKB5NSHFM9;
				GENERATE_INFOPLIST_FILE = YES;
				INFOPLIST_FILE = "video-browser-demo/Info.plist";
				INFOPLIST_KEY_UIApplicationSupportsIndirectInputEvents = YES;
				INFOPLIST_KEY_UILaunchStoryboardName = LaunchScreen;
				INFOPLIST_KEY_UIMainStoryboardFile = Main;
				INFOPLIST_KEY_UISupportedInterfaceOrientations_iPad = "UIInterfaceOrientationPortrait UIInterfaceOrientationPortraitUpsideDown UIInterfaceOrientationLandscapeLeft UIInterfaceOrientationLandscapeRight";
				INFOPLIST_KEY_UISupportedInterfaceOrientations_iPhone = "UIInterfaceOrientationPortrait UIInterfaceOrientationLandscapeLeft UIInterfaceOrientationLandscapeRight";
				LD_RUNPATH_SEARCH_PATHS = (
					"$(inherited)",
					"@executable_path/Frameworks",
				);
				MARKETING_VERSION = 1.0;
				PRODUCT_BUNDLE_IDENTIFIER = "com.ayurok.video-browser-demo";
				PRODUCT_NAME = "$(TARGET_NAME)";
				SWIFT_EMIT_LOC_STRINGS = YES;
				SWIFT_VERSION = 5.0;
				TARGETED_DEVICE_FAMILY = "1,2";
			};
			name = Debug;
		};
		2F3119132B1DB8BE009A1F19 /* Release */ = {
			isa = XCBuildConfiguration;
			buildSettings = {
				ASSETCATALOG_COMPILER_APPICON_NAME = AppIcon;
				ASSETCATALOG_COMPILER_GLOBAL_ACCENT_COLOR_NAME = AccentColor;
				CODE_SIGN_STYLE = Automatic;
				CURRENT_PROJECT_VERSION = 1;
				DEVELOPMENT_TEAM = MKB5NSHFM9;
				GENERATE_INFOPLIST_FILE = YES;
				INFOPLIST_FILE = "video-browser-demo/Info.plist";
				INFOPLIST_KEY_UIApplicationSupportsIndirectInputEvents = YES;
				INFOPLIST_KEY_UILaunchStoryboardName = LaunchScreen;
				INFOPLIST_KEY_UIMainStoryboardFile = Main;
				INFOPLIST_KEY_UISupportedInterfaceOrientations_iPad = "UIInterfaceOrientationPortrait UIInterfaceOrientationPortraitUpsideDown UIInterfaceOrientationLandscapeLeft UIInterfaceOrientationLandscapeRight";
				INFOPLIST_KEY_UISupportedInterfaceOrientations_iPhone = "UIInterfaceOrientationPortrait UIInterfaceOrientationLandscapeLeft UIInterfaceOrientationLandscapeRight";
				LD_RUNPATH_SEARCH_PATHS = (
					"$(inherited)",
					"@executable_path/Frameworks",
				);
				MARKETING_VERSION = 1.0;
				PRODUCT_BUNDLE_IDENTIFIER = "com.ayurok.video-browser-demo";
				PRODUCT_NAME = "$(TARGET_NAME)";
				SWIFT_EMIT_LOC_STRINGS = YES;
				SWIFT_VERSION = 5.0;
				TARGETED_DEVICE_FAMILY = "1,2";
			};
			name = Release;
		};
/* End XCBuildConfiguration section */

/* Begin XCConfigurationList section */
		2F3118F82B1DB8BB009A1F19 /* Build configuration list for PBXProject "video-browser-demo" */ = {
			isa = XCConfigurationList;
			buildConfigurations = (
				2F31190F2B1DB8BE009A1F19 /* Debug */,
				2F3119102B1DB8BE009A1F19 /* Release */,
			);
			defaultConfigurationIsVisible = 0;
			defaultConfigurationName = Release;
		};
		2F3119112B1DB8BE009A1F19 /* Build configuration list for PBXNativeTarget "video-browser-demo" */ = {
			isa = XCConfigurationList;
			buildConfigurations = (
				2F3119122B1DB8BE009A1F19 /* Debug */,
				2F3119132B1DB8BE009A1F19 /* Release */,
			);
			defaultConfigurationIsVisible = 0;
			defaultConfigurationName = Release;
		};
/* End XCConfigurationList section */
	};
	rootObject = 2F3118F52B1DB8BB009A1F19 /* Project object */;
}
